# This file is generated by running "yarn install" inside your project.
# Manual changes might be lost - proceed with caution!

__metadata:
  version: 4

"agent-base@npm:^4.3.0":
  version: 4.3.0
  resolution: "agent-base@npm:4.3.0"
  dependencies:
    es6-promisify: ^5.0.0
  checksum: dc92d455111af017c831f28584fe53298907b07cb5102307e8e89385ff8af2fb452a7510befd528929d800f12a91f8da6eec530cd8cf826622f04ba2f52d74bb
  languageName: node
  linkType: hard

"ansi-styles@npm:^3.2.1":
  version: 3.2.1
  resolution: "ansi-styles@npm:3.2.1"
  dependencies:
    color-convert: ^1.9.0
  checksum: 6f99bc6ac278aa5c51543d30aeaeab2b6c3de468d1a23504c1e818283680d0f310bb49a59162bc1b0b81e9b5f2dfa60326791a02b82e5d7cf6803e5b922ea142
  languageName: node
  linkType: hard

"array-filter@npm:~0.0.0":
  version: 0.0.1
  resolution: "array-filter@npm:0.0.1"
  checksum: 5c79bc19ff3ef0f5db661d3db53fbb778fa54c9aba0a4339b69422c722a744a83908d2cf4e34541450162a588a712aa8839e8eda95e9faa1352b968050f520d5
  languageName: node
  linkType: hard

"array-map@npm:~0.0.0":
  version: 0.0.0
  resolution: "array-map@npm:0.0.0"
  checksum: 7db6468984e9eea0114c485ac5a07dff1d90d8c4ca59fdff91460cccc661fa7c296266674a1cb138c8e9ba4c17b9ed5025b4094fa469b829ed955fc7fddb4678
  languageName: node
  linkType: hard

"array-reduce@npm:~0.0.0":
  version: 0.0.0
  resolution: "array-reduce@npm:0.0.0"
  checksum: 3f9e5d392500907612f6799fe2e69a0544789af61fce48fda0eefe6385a73515dde1ff40e80a8532d690e3924b754a9cfd850497efac9cc7ac986bbb5ff76434
  languageName: node
  linkType: hard

"async-limiter@npm:~1.0.0":
  version: 1.0.0
  resolution: "async-limiter@npm:1.0.0"
  checksum: 8cd1136e3c5eb16857d64fe23814fc12060c6970342f450fe455e0d36a7f5bcc301d5795e18102d9689b9967c958ec04b8f318fd6967b4a013bc98a043bb8735
  languageName: node
  linkType: hard

"balanced-match@npm:^1.0.0":
  version: 1.0.0
  resolution: "balanced-match@npm:1.0.0"
  checksum: 6a1a4021cc9cb35182852582ed42470041430842bbc9d3dfad9536fca203281e4bc6316a017a0b876df0acb8d0d83daa22d5c6483108869c0895582525af9f60
  languageName: node
  linkType: hard

"brace-expansion@npm:^1.1.7":
  version: 1.1.11
  resolution: "brace-expansion@npm:1.1.11"
  dependencies:
    balanced-match: ^1.0.0
    concat-map: 0.0.1
  checksum: 6bf044764309bad6d15c6eabc39e93701643b00192439251afe8b4e0c08f941b840f3c8844b163fc307111459121712fb74e40073ddffb0358f8a640f14ba7b1
  languageName: node
  linkType: hard

"buffer-from@npm:^1.0.0":
  version: 1.1.0
  resolution: "buffer-from@npm:1.1.0"
  checksum: f551b3bf2b07c29a8b773023647ffde8bc35481a76637bde85e8037ea3e3b940651c9a4c779cf926a0be8677d832004cf5b588730d09edbbabe450e6c72b0551
  languageName: node
  linkType: hard

"chalk@npm:^2.4.1":
  version: 2.4.2
  resolution: "chalk@npm:2.4.2"
  dependencies:
    ansi-styles: ^3.2.1
    escape-string-regexp: ^1.0.5
    supports-color: ^5.3.0
  checksum: 06d1d94779a0e08fe03ef15676ae30e973d7269017d3b1e6d06a3bb81e70a3a6b0c26d5743e94b4dfc21a852884306759b8b8c4fe98d72204ed678413beb21f3
  languageName: node
  linkType: hard

"color-convert@npm:^1.9.0":
  version: 1.9.3
  resolution: "color-convert@npm:1.9.3"
  dependencies:
    color-name: 1.1.3
  checksum: 3162a5f034dea55c0ebb3a152e1b8cdf926a9bbada4f6c5eefd7b750810edc019dade72285f669d738cfb07375e17ba2171d22475ab85652b8b7dcf1cf0cc6f1
  languageName: node
  linkType: hard

"color-name@npm:1.1.3":
  version: 1.1.3
  resolution: "color-name@npm:1.1.3"
  checksum: ad6a0e4beb3232906aeba6213234071ca26f463ac748feb897725cbd0f420a0e71962f9627566afc4716e63455f88a35641342302b8d130402cbbea8f6bf8e1e
  languageName: node
  linkType: hard

"concat-map@npm:0.0.1":
  version: 0.0.1
  resolution: "concat-map@npm:0.0.1"
  checksum: b295d07d6ac4f0e3fe511fce7ac74c5f6583e67bace249c32c6b2baa44b2c6220c7c177c9e44954485f37b7e7ec6a6a231447b62137d0fb56b44a7e871ac33e3
  languageName: node
  linkType: hard

"concat-stream@npm:1.6.2":
  version: 1.6.2
  resolution: "concat-stream@npm:1.6.2"
  dependencies:
    buffer-from: ^1.0.0
    inherits: ^2.0.3
    readable-stream: ^2.2.2
    typedarray: ^0.0.6
  checksum: d25429841f1c12fd08f2ce4e2d3faec4682bfce9a16650fac1beb462899491bb453c2625885e0c6a626e316e63fea005fa6029ee52fda12ff8abeb606db44552
  languageName: node
  linkType: hard

"core-util-is@npm:~1.0.0":
  version: 1.0.2
  resolution: "core-util-is@npm:1.0.2"
  checksum: b2aeb723279455a85125383b7067e66d650187adee4151b6587bc28d8334c9d5ebbc6e4bd6c344355191865e1add46fdec83f2a7f4d83889cfe7e586d9fd50b6
  languageName: node
  linkType: hard

"cross-spawn@npm:^6.0.5":
  version: 6.0.5
  resolution: "cross-spawn@npm:6.0.5"
  dependencies:
    nice-try: ^1.0.4
    path-key: ^2.0.1
    semver: ^5.5.0
    shebang-command: ^1.2.0
    which: ^1.2.9
  checksum: 5103fd3ec3c3d914d78190d1b7021bcca3f66d1c35008f67a696884a7d8c74a415158110436610abaae044d7351ecf8d71bb66872e88bbd80525b013b5b44256
  languageName: node
  linkType: hard

"debug@npm:2.6.9":
  version: 2.6.9
  resolution: "debug@npm:2.6.9"
  dependencies:
    ms: 2.0.0
  checksum: 178d6da8132866882a69ee868c68eec1a27297c99a01d8afc72d4b9d8f4fea709bd29c6746be72b2466b2f7d2c29fd95f0b89a3f940df6ca22edc9edad0e804f
  languageName: node
  linkType: hard

"debug@npm:^3.1.0":
  version: 3.1.0
  resolution: "debug@npm:3.1.0"
  dependencies:
    ms: 2.0.0
  checksum: 31ac62be845b3e2bc49ea566665749e58030123e6d0b2960cb7c730037dc825f46d012e3f63f43fc9d60de3c52edbce705d22cb7e571e2822c81bc5d5ae09da9
  languageName: node
  linkType: hard

"debug@npm:^4.1.0":
  version: 4.1.1
  resolution: "debug@npm:4.1.1"
  dependencies:
    ms: ^2.1.1
  checksum: e3bfa1544ced80ac5764aa313530150af442e5ce53f91090f00e3aff33a8b535ce60a7502d1451b3cbc2b9cd6994b3a08a38fbd3ff7a2ec801ad79d8b457b8e8
  languageName: node
  linkType: hard

"define-properties@npm:^1.1.2":
  version: 1.1.3
  resolution: "define-properties@npm:1.1.3"
  dependencies:
    object-keys: ^1.0.12
  checksum: 8ea9a3d1d6f9b5ec39f3acdf52c1f406cee2e15630b374daef2b44e67296cbf383481abc30beefa6cccde585ee5c41aa6d80c5c4556e90ffce95bea76f51857e
  languageName: node
  linkType: hard

"error-ex@npm:^1.3.1":
  version: 1.3.2
  resolution: "error-ex@npm:1.3.2"
  dependencies:
    is-arrayish: ^0.2.1
  checksum: 5bd07df02c20deee8adf70e535f3e95ff5ce8da2af3fce68a7e9f4a2fc0ad7610112a4f4bf012a4b5edd18c008f59a7acceeca1f7a47ac6ab7fef376a0f05d1d
  languageName: node
  linkType: hard

"es-abstract@npm:^1.4.3":
  version: 1.13.0
  resolution: "es-abstract@npm:1.13.0"
  dependencies:
    es-to-primitive: ^1.2.0
    function-bind: ^1.1.1
    has: ^1.0.3
    is-callable: ^1.1.4
    is-regex: ^1.0.4
    object-keys: ^1.0.12
  checksum: 86b54b7bd80ad24e1e036a0a6153055a7ddf65583d63e9317f02dfc16751e0af2fa0aacd82ec9a24c2f7bff0e3ff346f0ae93332c09f5543df10f152b5f5f3d8
  languageName: node
  linkType: hard

"es-to-primitive@npm:^1.2.0":
  version: 1.2.0
  resolution: "es-to-primitive@npm:1.2.0"
  dependencies:
    is-callable: ^1.1.4
    is-date-object: ^1.0.1
    is-symbol: ^1.0.2
  checksum: 9d8ed07c0c6166a1e7832b47f26570d94010f00b5b501aebfdd9f6fa70135561d8699c9c81e61257ce6c02ca3de8a8d6bdac6b24ee5c4b233ae1b18dea71cc75
  languageName: node
  linkType: hard

"es6-promise@npm:^4.0.3":
  version: 4.2.4
  resolution: "es6-promise@npm:4.2.4"
  checksum: 6326943d661ceb066120ebfb1104c7b805a5e941f5fb6e11e034a7bd4ac85aa1093000e73938c01cb060364a1de3adaf5ed5eb4644db5ccd9141e49f204f2171
  languageName: node
  linkType: hard

"es6-promisify@npm:^5.0.0":
  version: 5.0.0
  resolution: "es6-promisify@npm:5.0.0"
  dependencies:
    es6-promise: ^4.0.3
  checksum: 29b695ea7003688c7908fcb5cdeb80c83667c89bce8f99889f193e82876339e4356384feeac58b72df686284de528751b0e8cea2bc26ccac009def1a3ba9b489
  languageName: node
  linkType: hard

"escape-string-regexp@npm:^1.0.5":
  version: 1.0.5
  resolution: "escape-string-regexp@npm:1.0.5"
  checksum: 31da9adff9694f7b63c0542462267656e1d4dcac66a91551781d1ad2554d6641685ff812acc717cd467676af57be458a466d34b086e900354b38dde8724c8046
  languageName: node
  linkType: hard

"extract-zip@npm:^1.6.6":
  version: 1.6.7
  resolution: "extract-zip@npm:1.6.7"
  dependencies:
    concat-stream: 1.6.2
    debug: 2.6.9
    mkdirp: 0.5.1
    yauzl: 2.4.1
  bin:
    extract-zip: cli.js
  checksum: d6fc6beb0cbe594a75f0a78f3a450ce37bcda571dda6fc3584f23d7871afa6a9a7eaaf677991d6230f56fcea107fadffdcf0fc5f0baadcad211c6d1f392e57a2
  languageName: node
  linkType: hard

"fd-slicer@npm:~1.0.1":
  version: 1.0.1
  resolution: "fd-slicer@npm:1.0.1"
  dependencies:
    pend: ~1.2.0
  checksum: 3efdda7979e6dfcfba63d742a379650c1fde77361ef81b2f35fe8d09c75fc16ad0c369832dd941bc8070090f204eb3922a1588d1b766fcaec240661fc52face5
  languageName: node
  linkType: hard

"fs.realpath@npm:^1.0.0":
  version: 1.0.0
  resolution: "fs.realpath@npm:1.0.0"
  checksum: 7838256cafb93ee7a40754e7fdcae9c6e57b12528e22ae51a10bc6161ad6a647931dd99aa95ddf3a4ce8501766f78e57a56ed010043dddf8dddb4ad5af616acb
  languageName: node
  linkType: hard

"function-bind@npm:^1.0.2, function-bind@npm:^1.1.1":
  version: 1.1.1
  resolution: "function-bind@npm:1.1.1"
  checksum: 6ed0e3f90e8eab9d2a32f526fddd51020a23ad48d6c3806583b0c6e9dd97fbd0736a11bc0d75ee59e32979f149b3ac3c7a8608540968ed3f87d7ef8799c54602
  languageName: node
  linkType: hard

"glob@npm:^7.0.5":
  version: 7.1.2
  resolution: "glob@npm:7.1.2"
  dependencies:
    fs.realpath: ^1.0.0
    inflight: ^1.0.4
    inherits: 2
    minimatch: ^3.0.4
    once: ^1.3.0
    path-is-absolute: ^1.0.0
  checksum: bf81b3315c7dbb49354721674ef75e4f6de4ae01fe971e1dcce8866cc60224f97029f787c12067d524254aa5ef5baafdd19d7f0812fd15d6ef4a0478418c8a39
  languageName: node
  linkType: hard

"graceful-fs@npm:^4.1.2":
  version: 4.1.15
  resolution: "graceful-fs@npm:4.1.15"
  checksum: e0dc6551ba88b2cba1c8525d3816917a2936d3e4d39cebd8b088c6f472d2cb05f4324f1e3e44a559b57b57944c279f761e9fead6fda3c0f1e308eb134688836a
  languageName: node
  linkType: hard

"has-flag@npm:^3.0.0":
  version: 3.0.0
  resolution: "has-flag@npm:3.0.0"
  checksum: c69624d2a38d77d4d715b40932cd55635426d75c7c0e72a609a67b4d251905517ca6d1ff6f69ee3b0cfa95a39b31e25af9e3fe04f46b092699ea5f26371d14ab
  languageName: node
  linkType: hard

"has-symbols@npm:^1.0.0":
  version: 1.0.0
  resolution: "has-symbols@npm:1.0.0"
  checksum: f6b95d6bbb8617ee26046d50693885a74cfdea9935e2a3b42122556fef58369dc317a82390077809be2dcadcaea8f43915075135608e559a72e5db2177befe02
  languageName: node
  linkType: hard

"has@npm:^1.0.1, has@npm:^1.0.3":
  version: 1.0.3
  resolution: "has@npm:1.0.3"
  dependencies:
    function-bind: ^1.1.1
  checksum: 88e52bdec13edd789d27e483cb710f2b11b18f7c03c9f5431d2cef49d8a4f499e182f00fc95e3fc240ea63e89805fac1d6e04a8270e83c14d6ef4ef7b5dd1f78
  languageName: node
  linkType: hard

"hosted-git-info@npm:^2.1.4":
  version: 2.7.1
  resolution: "hosted-git-info@npm:2.7.1"
  checksum: 7a3992d0ee4f7903588ad63b235000eb835491ae56b81b4ee4fc206d95149a6d9f996b3784f22c1aaca97192be521c340d7d2e550e190567d05c6f3c1a88a83c
  languageName: node
  linkType: hard

"https-proxy-agent@npm:^3.0.0":
  version: 3.0.1
  resolution: "https-proxy-agent@npm:3.0.1"
  dependencies:
    agent-base: ^4.3.0
    debug: ^3.1.0
  checksum: dbd4091db0110f23b92123070dc6abc525952459aab4674d7dad1cbb98fa8da5f3f9d9a0e76aea0b24f65a4802bf4f2136fe226880331d3b9546778cf406702f
  languageName: node
  linkType: hard

"inflight@npm:^1.0.4":
  version: 1.0.6
  resolution: "inflight@npm:1.0.6"
  dependencies:
    once: ^1.3.0
    wrappy: 1
  checksum: 4ae4f2a43120647487d1650aaecd81044692397040d46d38257c349f142889be56ffb23f599c09dadc4287baeb4f3381e304e7eef111d7c7fec00def06111c4c
  languageName: node
  linkType: hard

"inherits@npm:2, inherits@npm:^2.0.3, inherits@npm:~2.0.3":
  version: 2.0.3
  resolution: "inherits@npm:2.0.3"
  checksum: 7e20ced2334a7f9ea37288769037a186377028a52827ef7fd9d6aeed1ee7466357428cd1cba376c517735ad93d15c295e406b3e29ee10729ab04955f45ec489b
  languageName: node
  linkType: hard

"is-arrayish@npm:^0.2.1":
  version: 0.2.1
  resolution: "is-arrayish@npm:0.2.1"
  checksum: 6a48ba019c21e4f305a8cfb28e898e6908bd97f8868f1529214df1d2c6db2d462df7497e514094c9d90ab04492b675b8e04d63e26b43624cf07bd54ba20fbc34
  languageName: node
  linkType: hard

"is-callable@npm:^1.1.4":
  version: 1.1.4
  resolution: "is-callable@npm:1.1.4"
  checksum: fb0c3a5cbc576caa633f42e2218f14da6476d864ddf4013e08726db8467e68293f203961ddf61cda0ac71f2b827788c0a5c7010ab758d378e9061f75671993a9
  languageName: node
  linkType: hard

"is-date-object@npm:^1.0.1":
  version: 1.0.1
  resolution: "is-date-object@npm:1.0.1"
  checksum: 07087cc96fc5c38aef7e232bb480fea921e9b18a42f22efd6d839852d2a28b62ded1956b9571626c74e7dab7df93269e596f51c25d19835571108b0b178d5938
  languageName: node
  linkType: hard

"is-regex@npm:^1.0.4":
  version: 1.0.4
  resolution: "is-regex@npm:1.0.4"
  dependencies:
    has: ^1.0.1
  checksum: 64dc136eb4bcdb7e564d34f9ad6f5674adf434a8063b4f24ddd871576cddc8efddf87949389af8294038a4e154832c3ba34f0cb9d30c4bfb00398f9b4888c0ed
  languageName: node
  linkType: hard

"is-symbol@npm:^1.0.2":
  version: 1.0.2
  resolution: "is-symbol@npm:1.0.2"
  dependencies:
    has-symbols: ^1.0.0
  checksum: 37a08b67d1863363e458f202163a62a946ade005ec59cb860cde057bcaa2a13a7b73355193faf457b46562be19379d8b95cfdb599f368ccc8811e0b8d0369db6
  languageName: node
  linkType: hard

"isarray@npm:~1.0.0":
  version: 1.0.0
  resolution: "isarray@npm:1.0.0"
  checksum: f82bc93a43f4344cbbab83bc40645f211e14ba2e1b696c75de07a6a6a16e6dc2bd45b60be0a4eedff281bbd7ca2de18801687d529470d3583cc39c432a9bd208
  languageName: node
  linkType: hard

"isexe@npm:^2.0.0":
  version: 2.0.0
  resolution: "isexe@npm:2.0.0"
  checksum: 1f6f7ccf6206a544097e27f04018fbd4fdb45d71eadac305d4b60cc18668d35c970d3c0bfadc4b348dd603d5536496a5634dd5f64792ea5e745c62cbc0ce9730
  languageName: node
  linkType: hard

"json-parse-better-errors@npm:^1.0.1":
  version: 1.0.2
  resolution: "json-parse-better-errors@npm:1.0.2"
  checksum: 7f5a35dfe844b8b5a4fb03e6c1838e6678d6b2c30e65746d73ca4c58ed7d3a9e3a77b83be7c6df56193606a654eb5b6e808ea594ee62a2db3985ef1a89aee7e3
  languageName: node
  linkType: hard

"jsonify@npm:~0.0.0":
  version: 0.0.0
  resolution: "jsonify@npm:0.0.0"
  checksum: 5c3845fcf84ebb165a3c154b5f8602895161a0cf27c5f74864bf1917d0fd18d2eb558c99f1783173a1b9c99692347962add6bba16eb33560f63d6fa4bc51a34e
  languageName: node
  linkType: hard

"kleur@npm:3.0.3":
  version: 3.0.3
  resolution: "kleur@npm:3.0.3"
  checksum: 83797db35bab5810129108511794dc990c2db9019f053b39895acbe3848d35616024a7d046d7dce34e0ed70af5a7c2fe516b7ff510805329a550054fbc724693
  languageName: node
  linkType: hard

"load-json-file@npm:^4.0.0":
  version: 4.0.0
  resolution: "load-json-file@npm:4.0.0"
  dependencies:
    graceful-fs: ^4.1.2
    parse-json: ^4.0.0
    pify: ^3.0.0
    strip-bom: ^3.0.0
  checksum: 8bd8362913ca53284a050d7a015f4e294eba8e979a693b9709ef63b1baa69b8bce1453c0eeef05bf44ae3eed165dc6311852a168e5032a9d0ca71bec611847cf
  languageName: node
  linkType: hard

"memorystream@npm:^0.3.1":
  version: 0.3.1
  resolution: "memorystream@npm:0.3.1"
  checksum: 2c721d36e4a48569e7a3f8febf5c8c03ebb5713524aa3befbb96b0e2c6d0d045547fdfe30960c78bfdafee8e29ead58ec2fca687e18eacf8ce3cdf16b22c5705
  languageName: node
  linkType: hard

"mime@npm:^2.0.3":
  version: 2.3.1
  resolution: "mime@npm:2.3.1"
  bin:
    mime: cli.js
  checksum: 76c8c6f4beb586a4e79ac9e1f6f0afa972e53088f658ff6522004d9b1464ca318216e4b42e3305c8b8c64047c36ef39aea19489506ddc04a1b628210d58579cc
  languageName: node
  linkType: hard

"minimatch@npm:^3.0.4":
  version: 3.0.4
  resolution: "minimatch@npm:3.0.4"
  dependencies:
    brace-expansion: ^1.1.7
  checksum: c32249a40b1dbbb8d836495877d91874fcf6ce9c287409c41bcb3efe5ad67e21512a459a4ae3ce9b32e1df376c1cde14cbe9fe3ba17f703c2b253993577f4ccf
  languageName: node
  linkType: hard

"minimist@npm:0.0.8":
  version: 0.0.8
  resolution: "minimist@npm:0.0.8"
  checksum: 007f9b6af3b3eeb48eb7f8df6384e57daa112db8cae745f55539835e1900eab0242cca890cb4420e7361bcad397eba316b24317d995b1f452c1486cf6fb09934
  languageName: node
  linkType: hard

"mkdirp@npm:0.5.1":
  version: 0.5.1
  resolution: "mkdirp@npm:0.5.1"
  dependencies:
    minimist: 0.0.8
  bin:
    mkdirp: bin/cmd.js
  checksum: ab0413777774b9c8255bce8e43b4e355bf329f7da0e3db007d6d370567cd82a858bd2aff028b7c5d39ff19bfd26b3c29d8e7ae706bd768a114ae95fbc9311b51
  languageName: node
  linkType: hard

"ms@npm:2.0.0":
  version: 2.0.0
  resolution: "ms@npm:2.0.0"
  checksum: 531c5c3f1d224510ab703166ad6883762bfbc0465c5b43dd8e2aa29e95ac141ca77e5704b7810d4c649d45580e9f78fa8febfe9ffec6a08424033f31089c83fd
  languageName: node
  linkType: hard

"ms@npm:^2.1.1":
  version: 2.1.1
  resolution: "ms@npm:2.1.1"
  checksum: f6a582361bde460587db401d7c9ede3bfe00a2fbf3f02b4e230343ef7385263280eb4b6c86e28dc2a17d321225fceb606591b84b20b770e4e7e03d6f1d27eaab
  languageName: node
  linkType: hard

"nice-try@npm:^1.0.4":
  version: 1.0.5
  resolution: "nice-try@npm:1.0.5"
  checksum: 67ed974ae082d8efabbd1e4c0b052bb651efd43db7efba36ef2f32699bafae51bfd5f7bab8ae2ba528f060943e902fb42d5b9c68b8ea0e432246beac8ea2360c
  languageName: node
  linkType: hard

"normalize-package-data@npm:^2.3.2":
  version: 2.5.0
  resolution: "normalize-package-data@npm:2.5.0"
  dependencies:
    hosted-git-info: ^2.1.4
    resolve: ^1.10.0
    semver: 2 || 3 || 4 || 5
    validate-npm-package-license: ^3.0.1
  checksum: 51e54f313d168408a5fdeaace788dfb7bad97ef0fca07af0eb27f0b66076642db6606790c1c79a1a9af59390a368198f4a265fa6bfdadab7c1fc085705c285bd
  languageName: node
  linkType: hard

"npm-run-all@npm:^4.1.5":
  version: 4.1.5
  resolution: "npm-run-all@npm:4.1.5"
  dependencies:
    ansi-styles: ^3.2.1
    chalk: ^2.4.1
    cross-spawn: ^6.0.5
    memorystream: ^0.3.1
    minimatch: ^3.0.4
    pidtree: ^0.3.0
    read-pkg: ^3.0.0
    shell-quote: ^1.6.1
    string.prototype.padend: ^3.0.0
  bin:
    npm-run-all: bin/npm-run-all/index.js
    run-p: bin/run-p/index.js
    run-s: bin/run-s/index.js
  checksum: 7146e9ffc72f45d20546cb2e1555021604c36a9a892dcf05e7ae6966ff0e934805d98f677b3abb7172ad256585889b38730c6d383ede9ce2f83e2a46878eec23
  languageName: node
  linkType: hard

"object-keys@npm:^1.0.12":
  version: 1.1.0
  resolution: "object-keys@npm:1.1.0"
  checksum: 54a49d07b4cd8a713cfa970b39f4ddb6469f06be987515c480703fdd27e27cf6961cf954b8ec37384ae4cebdafb806837ab618341b58f57aea9b1dcbd191e9c2
  languageName: node
  linkType: hard

"once@npm:^1.3.0":
  version: 1.4.0
  resolution: "once@npm:1.4.0"
  dependencies:
    wrappy: 1
  checksum: 47a04404e9aa3a209a7e536b199780fe75aba04df0a035b221285f2f703d0ab58286ffb402ff7cb5a3b894d0e86685eb4fc2766ce7a19555c14221437f248c03
  languageName: node
  linkType: hard

"parse-json@npm:^4.0.0":
  version: 4.0.0
  resolution: "parse-json@npm:4.0.0"
  dependencies:
    error-ex: ^1.3.1
    json-parse-better-errors: ^1.0.1
  checksum: 1d9795dcb2a839e5ee3c7a0d3f609c939109080027c7d403f7f2e6c2cfc7276035a1b297d8f0ca7a4aae25bb4094e567a0a96e8ae5f5e7c1f7f38d7a4d030d5f
  languageName: node
  linkType: hard

"path-is-absolute@npm:^1.0.0":
  version: 1.0.1
  resolution: "path-is-absolute@npm:1.0.1"
  checksum: 0e197d7cfa28209bce077b65646e21beb9a9980cc2b57efa4a4bf3b3331ec003f823bfec0948326264a2cbc57645a666cf911eb5d949d627d9e788280cccaa07
  languageName: node
  linkType: hard

"path-key@npm:^2.0.1":
  version: 2.0.1
  resolution: "path-key@npm:2.0.1"
  checksum: c89ee103cdc74ba8a5772cb56e9f1346cc7eae0789c4f9cb01ba5e6d501c2642900538e444ba26284a3a52fc01b9f1d70c7270d638c3cf37c25958ebf860be4e
  languageName: node
  linkType: hard

"path-parse@npm:^1.0.6":
  version: 1.0.6
  resolution: "path-parse@npm:1.0.6"
  checksum: 02894a9a2dd29ba61ce0f79c0cbb230869d16e3129eea46ee1195d6bed370806f254a51f494ad51d5bab4e494ea0a9040819923bec3be586b1f9004a70c65a3a
  languageName: node
  linkType: hard

"path-type@npm:^3.0.0":
  version: 3.0.0
  resolution: "path-type@npm:3.0.0"
  dependencies:
    pify: ^3.0.0
  checksum: d167c88ab4b3ef92d2d05e01e24e4d40f6a9fc77ffd4fb0d5e1f86c69cee232afe31b4e2153b9111b2d6b30f1697053ae613b67ecec4c12d022e78ae563930bb
  languageName: node
  linkType: hard

"pend@npm:~1.2.0":
  version: 1.2.0
  resolution: "pend@npm:1.2.0"
  checksum: cb22897b37846fcfced0a8919fc5fd094b487c22abef53593088ffcb150401a0a0eac0ee17b25f648932321bcc500439cb5fb45de8ad7067ed39a260a4c42eac
  languageName: node
  linkType: hard

"pidtree@npm:^0.3.0":
  version: 0.3.0
  resolution: "pidtree@npm:0.3.0"
  bin:
    pidtree: ./bin/pidtree.js
  checksum: 40e9b3a462d927c58d6fdd2b418f92e6ff33ff6220ad786065a396514953cb33bf8f767192cc8c283726adcbc63d224046b1b30ac6aa2997e9e41045dd4f1755
  languageName: node
  linkType: hard

"pify@npm:^3.0.0":
  version: 3.0.0
  resolution: "pify@npm:3.0.0"
  checksum: f541f33af19872d2b3a40427c7b065369823c9a4e7ba92a8d7102b9cc2b89983418dac2dbd272ddfbc684963c84d6cd766e033dff83545b41414dff8c3c266d7
  languageName: node
  linkType: hard

"process-nextick-args@npm:~2.0.0":
  version: 2.0.0
  resolution: "process-nextick-args@npm:2.0.0"
  checksum: 544685b0e88727179f54562c7c0b6597c32ab97212e522e5f497a220e3b9de8836fb49c043168082f69fb59bcad2e46bacc8cf8dbc968a0d9890625730f78ccf
  languageName: node
  linkType: hard

"progress@npm:^2.0.1":
  version: 2.0.3
  resolution: "progress@npm:2.0.3"
  checksum: 32bae4231a6c78481aa173b4239746b15208471a9c6fc27ba602d1ef08d79b689d6ffedb8027a227386258654f6ea10866ef4b4db38ba4a2a8a5622171d586c6
  languageName: node
  linkType: hard

"proxy-from-env@npm:^1.0.0":
  version: 1.0.0
  resolution: "proxy-from-env@npm:1.0.0"
  checksum: 7987d7df470c16b78eeedc7265636f23d5fe3269bc92371e7cd4820ddfcaa8bd12417711818633e9cd972c2a0776faf976c3caefa4eb3e3483d3c954a950b79e
  languageName: node
  linkType: hard

"puppeteer@npm:2.0.0":
  version: 2.0.0
  resolution: "puppeteer@npm:2.0.0"
  dependencies:
    debug: ^4.1.0
    extract-zip: ^1.6.6
    https-proxy-agent: ^3.0.0
    mime: ^2.0.3
    progress: ^2.0.1
    proxy-from-env: ^1.0.0
    rimraf: ^2.6.1
    ws: ^6.1.0
  checksum: e5008e55e9bbcfea19a83e5ee3df3525df7e62e39e2dd47c1d0bc7f48f29d93c9962b0b9435ad0059a88eeea130e64d57f02b93f1b999fdb40db9b632207996a
  languageName: node
  linkType: hard

"read-pkg@npm:^3.0.0":
  version: 3.0.0
  resolution: "read-pkg@npm:3.0.0"
  dependencies:
    load-json-file: ^4.0.0
    normalize-package-data: ^2.3.2
    path-type: ^3.0.0
  checksum: 355d7dfd1e3dc21b48b78366c3f7c93878c12f82fe337ce88b0392034b309ced3c98c60cf1f7499dc003a203df1dd61ce3b7613fe18a98330a59e759c3393c4a
  languageName: node
  linkType: hard

"readable-stream@npm:^2.2.2":
  version: 2.3.6
  resolution: "readable-stream@npm:2.3.6"
  dependencies:
    core-util-is: ~1.0.0
    inherits: ~2.0.3
    isarray: ~1.0.0
    process-nextick-args: ~2.0.0
    safe-buffer: ~5.1.1
    string_decoder: ~1.1.1
    util-deprecate: ~1.0.1
  checksum: 467e806a373a91bc20b57c9ac78ad2662d68cd3f8ae823d639ccbda6e37c7c9225b57e3f0fec43a5e195418dc70049a021ef5b536748a360e8d15346492f161b
  languageName: node
  linkType: hard

resolve@^1.10.0:
  version: 1.10.0
  resolution: "resolve@npm:1.10.0"
  dependencies:
    path-parse: ^1.0.6
  checksum: 0079d67df4eaaf6dd2f9fa6a80a4ac8b8359f644be66a204795cb9a4fec24e37044f72a166843c35e4390f54d98e16497655cf33c5111ee9444409ddd6851af2
  languageName: node
  linkType: hard

"resolve@patch:resolve@^1.10.0#builtin<compat/resolve>":
  version: 1.10.0
  resolution: "resolve@patch:resolve@npm%3A1.10.0#builtin<compat/resolve>::version=1.10.0&hash=8fccd0"
  dependencies:
    path-parse: ^1.0.6
  checksum: b522f47216c077b90d89ae4a8dc93d8b81a03cf089bf5485740166d7d19d4883dd15b11e64c570328352c3dc67a2f66580c2bdca21e3974cc738a806055f73c1
  languageName: node
  linkType: hard

"rimraf@npm:^2.6.1":
  version: 2.6.2
  resolution: "rimraf@npm:2.6.2"
  dependencies:
    glob: ^7.0.5
  bin:
    rimraf: ./bin.js
  checksum: e91dcb0b4d96b9cf2f08dbd99c2ecc441165ee547d24e2c22dad1108e32dc7026183c2f7ad808dbb956cc457c17d14998432bb3514a2f84e075194d73e82da58
  languageName: node
  linkType: hard

"safe-buffer@npm:~5.1.0, safe-buffer@npm:~5.1.1":
  version: 5.1.2
  resolution: "safe-buffer@npm:5.1.2"
  checksum: 55f6e9116b875a5459a13fd1949d90ed6932f1c6fef70460896abcdf666852cb2119a12435ebbe823416ec49bc3fa5716ff2cc0dd36b9512631148e5113c145e
  languageName: node
  linkType: hard

"semver@npm:2 || 3 || 4 || 5, semver@npm:^5.5.0":
  version: 5.6.0
  resolution: "semver@npm:5.6.0"
  bin:
    semver: ./bin/semver
  checksum: 403ba5d6e072ecdc655e5bb501a18e04f9994142d36a2b6af5f817ee4c7500debd595b83714c2362e9d46b90f71509db6c42afdbcc81626484d51b8c6263096b
  languageName: node
  linkType: hard

"shebang-command@npm:^1.2.0":
  version: 1.2.0
  resolution: "shebang-command@npm:1.2.0"
  dependencies:
    shebang-regex: ^1.0.0
  checksum: 3d830f3ad0c796f671ad3a8a0ed9ac75a52b21a2f0cfc1e0675fb4d0530e332b10a3b0171f63ef6a2efa14dd7f92a3d03c49927afc9b3529830628671fade78a
  languageName: node
  linkType: hard

"shebang-regex@npm:^1.0.0":
  version: 1.0.0
  resolution: "shebang-regex@npm:1.0.0"
  checksum: fba9381f369e3e5e30e4e1353164243575a82f9b4b0010fc43dab33e7341d86032f9fdc6aa2d122f0737fce69a3c6544c295d9787aa4d522bc24ac1fcaac69d6
  languageName: node
  linkType: hard

"shell-quote@npm:^1.6.1":
  version: 1.6.1
  resolution: "shell-quote@npm:1.6.1"
  dependencies:
    array-filter: ~0.0.0
    array-map: ~0.0.0
    array-reduce: ~0.0.0
    jsonify: ~0.0.0
  checksum: f1c0670d7e60d037ac10824798d4fd0dc98793599d85b05f7a0e8cd288f869ddaafc6e60462600cc94166b16e64337c3ad5533eb697f04f50fc1007569907272
  languageName: node
  linkType: hard

"spdx-correct@npm:^3.0.0":
  version: 3.1.0
  resolution: "spdx-correct@npm:3.1.0"
  dependencies:
    spdx-expression-parse: ^3.0.0
    spdx-license-ids: ^3.0.0
  checksum: 35b1b41bdced9d1d4dc29109879f16c42d96a70da96cd727622ee0e92ebed86ddc4b1a57ecbb6c094a45b21098cb130fb6d17bfe1bbf92584ab669130be7d91b
  languageName: node
  linkType: hard

"spdx-exceptions@npm:^2.1.0":
  version: 2.2.0
  resolution: "spdx-exceptions@npm:2.2.0"
  checksum: c681ac388e5d7d5e1b5ecc18d4524e2ee81fdf4302091d324aafa907ac458db4b873645681feb9fb645e527a405d41433733636e479e551f15db109c7da1ce85
  languageName: node
  linkType: hard

"spdx-expression-parse@npm:^3.0.0":
  version: 3.0.0
  resolution: "spdx-expression-parse@npm:3.0.0"
  dependencies:
    spdx-exceptions: ^2.1.0
    spdx-license-ids: ^3.0.0
  checksum: 9ab573388b389d24d66c3488a0cd59332e44c40cf479ffc0fa78817902ee2b4020e12248ad6190f79737f9b8aaa2907d35755b35e488ae8fc52f1a31df0bba55
  languageName: node
  linkType: hard

"spdx-license-ids@npm:^3.0.0":
  version: 3.0.3
  resolution: "spdx-license-ids@npm:3.0.3"
  checksum: 5d09d2744d8aa3041a3fa4f7ba6be83df8c4e144d431648d2472b73fefd199dbe52b3f736284452fd16b63ef62c730abebff41c69a7663707cf63d06749885ec
  languageName: node
  linkType: hard

"string.prototype.padend@npm:^3.0.0":
  version: 3.0.0
  resolution: "string.prototype.padend@npm:3.0.0"
  dependencies:
    define-properties: ^1.1.2
    es-abstract: ^1.4.3
    function-bind: ^1.0.2
  checksum: 9c54cfc093b939933487e1dc40e5ffc53912b472f1a428c9f86943af9707939b3afa0abc232e9f95215dbe3bf9d6e4d38fe4e8deeea2f68c385712adac109ab3
  languageName: node
  linkType: hard

"string_decoder@npm:~1.1.1":
  version: 1.1.1
  resolution: "string_decoder@npm:1.1.1"
  dependencies:
    safe-buffer: ~5.1.0
  checksum: 99ca1c4880b1098df6d25f59771f2ef2f1ca13ab6a239b050809d78501f5b8e1d00dcf85dc6153678784b13e990f5b1c634eead820114e32b342e40c1fe91713
  languageName: node
  linkType: hard

"strip-bom@npm:^3.0.0":
  version: 3.0.0
  resolution: "strip-bom@npm:3.0.0"
  checksum: 653e50f7027ab2d8282ead86ad83a4efc7f01070a2573807c0aa15a3f9e8d31362289a5d2ad6275ec654fa56dcb80e2da688268611415fa0b2d1dd609f88e67e
  languageName: node
  linkType: hard

"supports-color@npm:^5.3.0":
  version: 5.5.0
  resolution: "supports-color@npm:5.5.0"
  dependencies:
    has-flag: ^3.0.0
  checksum: a67b9f6071d9b1aa9f7744292580af0ad2210e379534f7e2ab31d3248de5efc8a3555655827bf524f18043f6301061fbe59e13d2e8a9bc11cde4ec885ad3d86c
  languageName: node
  linkType: hard

"typedarray@npm:^0.0.6":
  version: 0.0.6
  resolution: "typedarray@npm:0.0.6"
  checksum: ac7ba7703641f111b6f3952033ebed4bc68f09afeef7dcc250bcf53653008a119a0904a00183a61e2ef96f19f59de6af28b462005be561612c6ff5dbdf30c8bd
  languageName: node
  linkType: hard

"util-deprecate@npm:~1.0.1":
  version: 1.0.2
  resolution: "util-deprecate@npm:1.0.2"
  checksum: 7bd691844e8e12f228777c3c718efaee35284c4422cf215f394fc2b56b5bbc8fef979fc1ab086e66f195227941270d7267c8105e871617f27fa292ec9fa83933
  languageName: node
  linkType: hard

"validate-npm-package-license@npm:^3.0.1":
  version: 3.0.4
  resolution: "validate-npm-package-license@npm:3.0.4"
  dependencies:
    spdx-correct: ^3.0.0
    spdx-expression-parse: ^3.0.0
  checksum: 4c0974ce2c60838ec5e0c1c338c4c691b5d2baae1ed7e137784f1686a1387c0fc66c6f03bf339742a9047626cb6b5fe529a06b7b7dd04275458036b06b6a844e
  languageName: node
  linkType: hard

"website-checks@workspace:.":
  version: 0.0.0-use.local
  resolution: "website-checks@workspace:."
  dependencies:
    kleur: 3.0.3
    npm-run-all: ^4.1.5
    puppeteer: 2.0.0
  bin:
    website-checks: ./bin/website-checks.js
  languageName: unknown
  linkType: soft

"which@npm:^1.2.9":
  version: 1.3.1
  resolution: "which@npm:1.3.1"
  dependencies:
    isexe: ^2.0.0
  bin:
    which: ./bin/which
  checksum: 8c639095289e694cbce93f17662e56f740ceafb8d73cdccf0d2b2968df0e8b9c8ddf16f44711d1d5a5efe4d2091cb3ca06d1afa2db359df48588a71a4b60d0c6
  languageName: node
  linkType: hard

"wrappy@npm:1":
  version: 1.0.2
  resolution: "wrappy@npm:1.0.2"
  checksum: 0796da084f06bced2351fed9686a7211f4a4b774a7a3b64c7ead1b3bef162b1721f2a1d3fb1268bf2e848c9d743eca189c2a243159a1512d5dfab4b0d4dd60b5
  languageName: node
  linkType: hard

"ws@npm:^6.1.0":
  version: 6.1.4
  resolution: "ws@npm:6.1.4"
  dependencies:
    async-limiter: ~1.0.0
  checksum: c38e4f1f81ec20ab7d92560171a8f1b68b69afd64219cf5cfdc87b626888b096e68609895736c8443f3d4779616ad58f624f9cb7d9f597eaded29697a0c99aea
  languageName: node
  linkType: hard

"yauzl@npm:2.4.1":
  version: 2.4.1
  resolution: "yauzl@npm:2.4.1"
  dependencies:
    fd-slicer: ~1.0.1
  checksum: 83fed93b3240a59c2371af89d9578640e43e31e38de02e47d1c37b59f9330aa3842e7d9f34f219ac4af74c831288d52efad67d5cf6fb1644619133faf3760f17
  languageName: node
  linkType: hard
